
Microsoft Visual Studio Solution File, Format Version 12.00
# Visual Studio Version 17
VisualStudioVersion = 17.14.36301.6 d17.14
MinimumVisualStudioVersion = 10.0.40219.1
Project("{FAE04EC0-301F-11D3-BF4B-00C04F79EFBC}") = "PassVault", "PassVault\PassVault.csproj", "{F62E8A1C-57D1-4DE8-BDC8-9E42EC1F5F9C}"
EndProject
Global
	GlobalSection(SolutionConfigurationPlatforms) = preSolution
		Debug|Any CPU = Debug|Any CPU
		Release|Any CPU = Release|Any CPU
	EndGlobalSection
	GlobalSection(ProjectConfigurationPlatforms) = postSolution
		{F62E8A1C-57D1-4DE8-BDC8-9E42EC1F5F9C}.Debug|Any CPU.ActiveCfg = Debug|Any CPU
		{F62E8A1C-57D1-4DE8-BDC8-9E42EC1F5F9C}.Debug|Any CPU.Build.0 = Debug|Any CPU
		{F62E8A1C-57D1-4DE8-BDC8-9E42EC1F5F9C}.Release|Any CPU.ActiveCfg = Release|Any CPU
		{F62E8A1C-57D1-4DE8-BDC8-9E42EC1F5F9C}.Release|Any CPU.Build.0 = Release|Any CPU
	EndGlobalSection
	GlobalSection(SolutionProperties) = preSolution
		HideSolutionNode = FALSE
	EndGlobalSection
	GlobalSection(ExtensibilityGlobals) = postSolution
		SolutionGuid = {28D90234-445C-491E-9D66-F9BF22BCB548}
	EndGlobalSection
EndGlobal
